// !$*UTF8*$!
{
	archiveVersion = 1;
	classes = {
	};
	objectVersion = 46;
	objects = {

/* Begin PBXBuildFile section */
		84F7FAFF1819033D0038B28C /* Foundation.framework in Frameworks */ = {isa = PBXBuildFile; fileRef = 84F7FAFE1819033D0038B28C /* Foundation.framework */; };
		84F7FB011819033D0038B28C /* CoreGraphics.framework in Frameworks */ = {isa = PBXBuildFile; fileRef = 84F7FB001819033D0038B28C /* CoreGraphics.framework */; };
		84F7FB031819033D0038B28C /* UIKit.framework in Frameworks */ = {isa = PBXBuildFile; fileRef = 84F7FB021819033D0038B28C /* UIKit.framework */; };
		84F7FB091819033D0038B28C /* InfoPlist.strings in Resources */ = {isa = PBXBuildFile; fileRef = 84F7FB071819033D0038B28C /* InfoPlist.strings */; };
		84F7FB0B1819033D0038B28C /* main.m in Sources */ = {isa = PBXBuildFile; fileRef = 84F7FB0A1819033D0038B28C /* main.m */; };
		84F7FB0F1819033D0038B28C /* CalculatorAppDelegate.m in Sources */ = {isa = PBXBuildFile; fileRef = 84F7FB0E1819033D0038B28C /* CalculatorAppDelegate.m */; };
		84F7FB121819033D0038B28C /* Main.storyboard in Resources */ = {isa = PBXBuildFile; fileRef = 84F7FB101819033D0038B28C /* Main.storyboard */; };
		84F7FB151819033D0038B28C /* CalculatorViewController.m in Sources */ = {isa = PBXBuildFile; fileRef = 84F7FB141819033D0038B28C /* CalculatorViewController.m */; };
		84F7FB171819033D0038B28C /* Images.xcassets in Resources */ = {isa = PBXBuildFile; fileRef = 84F7FB161819033D0038B28C /* Images.xcassets */; };
		84F7FB1E1819033D0038B28C /* XCTest.framework in Frameworks */ = {isa = PBXBuildFile; fileRef = 84F7FB1D1819033D0038B28C /* XCTest.framework */; };
		84F7FB1F1819033D0038B28C /* Foundation.framework in Frameworks */ = {isa = PBXBuildFile; fileRef = 84F7FAFE1819033D0038B28C /* Foundation.framework */; };
		84F7FB201819033D0038B28C /* UIKit.framework in Frameworks */ = {isa = PBXBuildFile; fileRef = 84F7FB021819033D0038B28C /* UIKit.framework */; };
		84F7FB281819033D0038B28C /* InfoPlist.strings in Resources */ = {isa = PBXBuildFile; fileRef = 84F7FB261819033D0038B28C /* InfoPlist.strings */; };
		84F7FB2A1819033D0038B28C /* CalculatorTests.m in Sources */ = {isa = PBXBuildFile; fileRef = 84F7FB291819033D0038B28C /* CalculatorTests.m */; };
		84F7FB3518190CC70038B28C /* CalculatorBrain.m in Sources */ = {isa = PBXBuildFile; fileRef = 84F7FB3418190CC70038B28C /* CalculatorBrain.m */; };
/* End PBXBuildFile section */

/* Begin PBXContainerItemProxy section */
		84F7FB211819033D0038B28C /* PBXContainerItemProxy */ = {
			isa = PBXContainerItemProxy;
			containerPortal = 84F7FAF31819033C0038B28C /* Project object */;
			proxyType = 1;
			remoteGlobalIDString = 84F7FAFA1819033C0038B28C;
			remoteInfo = Calculator;
		};
/* End PBXContainerItemProxy section */

/* Begin PBXFileReference section */
		84F7FAFB1819033C0038B28C /* Calculator.app */ = {isa = PBXFileReference; explicitFileType = wrapper.application; includeInIndex = 0; path = Calculator.app; sourceTree = BUILT_PRODUCTS_DIR; };
		84F7FAFE1819033D0038B28C /* Foundation.framework */ = {isa = PBXFileReference; lastKnownFileType = wrapper.framework; name = Foundation.framework; path = System/Library/Frameworks/Foundation.framework; sourceTree = SDKROOT; };
		84F7FB001819033D0038B28C /* CoreGraphics.framework */ = {isa = PBXFileReference; lastKnownFileType = wrapper.framework; name = CoreGraphics.framework; path = System/Library/Frameworks/CoreGraphics.framework; sourceTree = SDKROOT; };
		84F7FB021819033D0038B28C /* UIKit.framework */ = {isa = PBXFileReference; lastKnownFileType = wrapper.framework; name = UIKit.framework; path = System/Library/Frameworks/UIKit.framework; sourceTree = SDKROOT; };
		84F7FB061819033D0038B28C /* Calculator-Info.plist */ = {isa = PBXFileReference; lastKnownFileType = text.plist.xml; path = "Calculator-Info.plist"; sourceTree = "<group>"; };
		84F7FB081819033D0038B28C /* en */ = {isa = PBXFileReference; lastKnownFileType = text.plist.strings; name = en; path = en.lproj/InfoPlist.strings; sourceTree = "<group>"; };
		84F7FB0A1819033D0038B28C /* main.m */ = {isa = PBXFileReference; lastKnownFileType = sourcecode.c.objc; path = main.m; sourceTree = "<group>"; };
		84F7FB0C1819033D0038B28C /* Calculator-Prefix.pch */ = {isa = PBXFileReference; lastKnownFileType = sourcecode.c.h; path = "Calculator-Prefix.pch"; sourceTree = "<group>"; };
		84F7FB0D1819033D0038B28C /* CalculatorAppDelegate.h */ = {isa = PBXFileReference; lastKnownFileType = sourcecode.c.h; path = CalculatorAppDelegate.h; sourceTree = "<group>"; };
		84F7FB0E1819033D0038B28C /* CalculatorAppDelegate.m */ = {isa = PBXFileReference; lastKnownFileType = sourcecode.c.objc; path = CalculatorAppDelegate.m; sourceTree = "<group>"; };
		84F7FB111819033D0038B28C /* Base */ = {isa = PBXFileReference; lastKnownFileType = file.storyboard; name = Base; path = Base.lproj/Main.storyboard; sourceTree = "<group>"; };
		84F7FB131819033D0038B28C /* CalculatorViewController.h */ = {isa = PBXFileReference; lastKnownFileType = sourcecode.c.h; path = CalculatorViewController.h; sourceTree = "<group>"; };
		84F7FB141819033D0038B28C /* CalculatorViewController.m */ = {isa = PBXFileReference; lastKnownFileType = sourcecode.c.objc; path = CalculatorViewController.m; sourceTree = "<group>"; };
		84F7FB161819033D0038B28C /* Images.xcassets */ = {isa = PBXFileReference; lastKnownFileType = folder.assetcatalog; path = Images.xcassets; sourceTree = "<group>"; };
		84F7FB1C1819033D0038B28C /* CalculatorTests.xctest */ = {isa = PBXFileReference; explicitFileType = wrapper.cfbundle; includeInIndex = 0; path = CalculatorTests.xctest; sourceTree = BUILT_PRODUCTS_DIR; };
		84F7FB1D1819033D0038B28C /* XCTest.framework */ = {isa = PBXFileReference; lastKnownFileType = wrapper.framework; name = XCTest.framework; path = Library/Frameworks/XCTest.framework; sourceTree = DEVELOPER_DIR; };
		84F7FB251819033D0038B28C /* CalculatorTests-Info.plist */ = {isa = PBXFileReference; lastKnownFileType = text.plist.xml; path = "CalculatorTests-Info.plist"; sourceTree = "<group>"; };
		84F7FB271819033D0038B28C /* en */ = {isa = PBXFileReference; lastKnownFileType = text.plist.strings; name = en; path = en.lproj/InfoPlist.strings; sourceTree = "<group>"; };
		84F7FB291819033D0038B28C /* CalculatorTests.m */ = {isa = PBXFileReference; lastKnownFileType = sourcecode.c.objc; path = CalculatorTests.m; sourceTree = "<group>"; };
		84F7FB3318190CC70038B28C /* CalculatorBrain.h */ = {isa = PBXFileReference; fileEncoding = 4; lastKnownFileType = sourcecode.c.h; name = CalculatorBrain.h; path = Calculator/CalculatorBrain.h; sourceTree = SOURCE_ROOT; };
		84F7FB3418190CC70038B28C /* CalculatorBrain.m */ = {isa = PBXFileReference; fileEncoding = 4; lastKnownFileType = sourcecode.c.objc; name = CalculatorBrain.m; path = Calculator/CalculatorBrain.m; sourceTree = SOURCE_ROOT; };
/* End PBXFileReference section */

/* Begin PBXFrameworksBuildPhase section */
		84F7FAF81819033C0038B28C /* Frameworks */ = {
			isa = PBXFrameworksBuildPhase;
			buildActionMask = 2147483647;
			files = (
				84F7FB011819033D0038B28C /* CoreGraphics.framework in Frameworks */,
				84F7FB031819033D0038B28C /* UIKit.framework in Frameworks */,
				84F7FAFF1819033D0038B28C /* Foundation.framework in Frameworks */,
			);
			runOnlyForDeploymentPostprocessing = 0;
		};
		84F7FB191819033D0038B28C /* Frameworks */ = {
			isa = PBXFrameworksBuildPhase;
			buildActionMask = 2147483647;
			files = (
				84F7FB1E1819033D0038B28C /* XCTest.framework in Frameworks */,
				84F7FB201819033D0038B28C /* UIKit.framework in Frameworks */,
				84F7FB1F1819033D0038B28C /* Foundation.framework in Frameworks */,
			);
			runOnlyForDeploymentPostprocessing = 0;
		};
/* End PBXFrameworksBuildPhase section */

/* Begin PBXGroup section */
		84F7FAF21819033C0038B28C = {
			isa = PBXGroup;
			children = (
				84F7FB041819033D0038B28C /* Calculator */,
				84F7FB231819033D0038B28C /* CalculatorTests */,
				84F7FAFD1819033C0038B28C /* Frameworks */,
				84F7FAFC1819033C0038B28C /* Products */,
			);
			sourceTree = "<group>";
		};
		84F7FAFC1819033C0038B28C /* Products */ = {
			isa = PBXGroup;
			children = (
				84F7FAFB1819033C0038B28C /* Calculator.app */,
				84F7FB1C1819033D0038B28C /* CalculatorTests.xctest */,
			);
			name = Products;
			sourceTree = "<group>";
		};
		84F7FAFD1819033C0038B28C /* Frameworks */ = {
			isa = PBXGroup;
			children = (
				84F7FAFE1819033D0038B28C /* Foundation.framework */,
				84F7FB001819033D0038B28C /* CoreGraphics.framework */,
				84F7FB021819033D0038B28C /* UIKit.framework */,
				84F7FB1D1819033D0038B28C /* XCTest.framework */,
			);
			name = Frameworks;
			sourceTree = "<group>";
		};
		84F7FB041819033D0038B28C /* Calculator */ = {
			isa = PBXGroup;
			children = (
				84F7FB3318190CC70038B28C /* CalculatorBrain.h */,
				84F7FB3418190CC70038B28C /* CalculatorBrain.m */,
				84F7FB0D1819033D0038B28C /* CalculatorAppDelegate.h */,
				84F7FB0E1819033D0038B28C /* CalculatorAppDelegate.m */,
				84F7FB101819033D0038B28C /* Main.storyboard */,
				84F7FB131819033D0038B28C /* CalculatorViewController.h */,
				84F7FB141819033D0038B28C /* CalculatorViewController.m */,
				84F7FB161819033D0038B28C /* Images.xcassets */,
				84F7FB051819033D0038B28C /* Supporting Files */,
			);
			path = Calculator;
			sourceTree = "<group>";
		};
		84F7FB051819033D0038B28C /* Supporting Files */ = {
			isa = PBXGroup;
			children = (
				84F7FB061819033D0038B28C /* Calculator-Info.plist */,
				84F7FB071819033D0038B28C /* InfoPlist.strings */,
				84F7FB0A1819033D0038B28C /* main.m */,
				84F7FB0C1819033D0038B28C /* Calculator-Prefix.pch */,
			);
			name = "Supporting Files";
			sourceTree = "<group>";
		};
		84F7FB231819033D0038B28C /* CalculatorTests */ = {
			isa = PBXGroup;
			children = (
				84F7FB291819033D0038B28C /* CalculatorTests.m */,
				84F7FB241819033D0038B28C /* Supporting Files */,
			);
			path = CalculatorTests;
			sourceTree = "<group>";
		};
		84F7FB241819033D0038B28C /* Supporting Files */ = {
			isa = PBXGroup;
			children = (
				84F7FB251819033D0038B28C /* CalculatorTests-Info.plist */,
				84F7FB261819033D0038B28C /* InfoPlist.strings */,
			);
			name = "Supporting Files";
			sourceTree = "<group>";
		};
/* End PBXGroup section */

/* Begin PBXNativeTarget section */
		84F7FAFA1819033C0038B28C /* Calculator */ = {
			isa = PBXNativeTarget;
			buildConfigurationList = 84F7FB2D1819033D0038B28C /* Build configuration list for PBXNativeTarget "Calculator" */;
			buildPhases = (
				84F7FAF71819033C0038B28C /* Sources */,
				84F7FAF81819033C0038B28C /* Frameworks */,
				84F7FAF91819033C0038B28C /* Resources */,
			);
			buildRules = (
			);
			dependencies = (
			);
			name = Calculator;
			productName = Calculator;
			productReference = 84F7FAFB1819033C0038B28C /* Calculator.app */;
			productType = "com.apple.product-type.application";
		};
		84F7FB1B1819033D0038B28C /* CalculatorTests */ = {
			isa = PBXNativeTarget;
			buildConfigurationList = 84F7FB301819033D0038B28C /* Build configuration list for PBXNativeTarget "CalculatorTests" */;
			buildPhases = (
				84F7FB181819033D0038B28C /* Sources */,
				84F7FB191819033D0038B28C /* Frameworks */,
				84F7FB1A1819033D0038B28C /* Resources */,
			);
			buildRules = (
			);
			dependencies = (
				84F7FB221819033D0038B28C /* PBXTargetDependency */,
			);
			name = CalculatorTests;
			productName = CalculatorTests;
			productReference = 84F7FB1C1819033D0038B28C /* CalculatorTests.xctest */;
			productType = "com.apple.product-type.bundle.unit-test";
		};
/* End PBXNativeTarget section */

/* Begin PBXProject section */
		84F7FAF31819033C0038B28C /* Project object */ = {
			isa = PBXProject;
			attributes = {
				CLASSPREFIX = Calculator;
				LastUpgradeCheck = 0500;
				ORGANIZATIONNAME = zhuangya;
				TargetAttributes = {
					84F7FB1B1819033D0038B28C = {
						TestTargetID = 84F7FAFA1819033C0038B28C;
					};
				};
			};
			buildConfigurationList = 84F7FAF61819033C0038B28C /* Build configuration list for PBXProject "Calculator" */;
			compatibilityVersion = "Xcode 3.2";
			developmentRegion = English;
			hasScannedForEncodings = 0;
			knownRegions = (
				en,
				Base,
			);
			mainGroup = 84F7FAF21819033C0038B28C;
			productRefGroup = 84F7FAFC1819033C0038B28C /* Products */;
			projectDirPath = "";
			projectRoot = "";
			targets = (
				84F7FAFA1819033C0038B28C /* Calculator */,
				84F7FB1B1819033D0038B28C /* CalculatorTests */,
			);
		};
/* End PBXProject section */

/* Begin PBXResourcesBuildPhase section */
		84F7FAF91819033C0038B28C /* Resources */ = {
			isa = PBXResourcesBuildPhase;
			buildActionMask = 2147483647;
			files = (
				84F7FB171819033D0038B28C /* Images.xcassets in Resources */,
				84F7FB091819033D0038B28C /* InfoPlist.strings in Resources */,
				84F7FB121819033D0038B28C /* Main.storyboard in Resources */,
			);
			runOnlyForDeploymentPostprocessing = 0;
		};
		84F7FB1A1819033D0038B28C /* Resources */ = {
			isa = PBXResourcesBuildPhase;
			buildActionMask = 2147483647;
			files = (
				84F7FB281819033D0038B28C /* InfoPlist.strings in Resources */,
			);
			runOnlyForDeploymentPostprocessing = 0;
		};
/* End PBXResourcesBuildPhase section */

/* Begin PBXSourcesBuildPhase section */
		84F7FAF71819033C0038B28C /* Sources */ = {
			isa = PBXSourcesBuildPhase;
			buildActionMask = 2147483647;
			files = (
				84F7FB0F1819033D0038B28C /* CalculatorAppDelegate.m in Sources */,
				84F7FB0B1819033D0038B28C /* main.m in Sources */,
				84F7FB3518190CC70038B28C /* CalculatorBrain.m in Sources */,
				84F7FB151819033D0038B28C /* CalculatorViewController.m in Sources */,
			);
			runOnlyForDeploymentPostprocessing = 0;
		};
		84F7FB181819033D0038B28C /* Sources */ = {
			isa = PBXSourcesBuildPhase;
			buildActionMask = 2147483647;
			files = (
				84F7FB2A1819033D0038B28C /* CalculatorTests.m in Sources */,
			);
			runOnlyForDeploymentPostprocessing = 0;
		};
/* End PBXSourcesBuildPhase section */

/* Begin PBXTargetDependency section */
		84F7FB221819033D0038B28C /* PBXTargetDependency */ = {
			isa = PBXTargetDependency;
			target = 84F7FAFA1819033C0038B28C /* Calculator */;
			targetProxy = 84F7FB211819033D0038B28C /* PBXContainerItemProxy */;
		};
/* End PBXTargetDependency section */

/* Begin PBXVariantGroup section */
		84F7FB071819033D0038B28C /* InfoPlist.strings */ = {
			isa = PBXVariantGroup;
			children = (
				84F7FB081819033D0038B28C /* en */,
			);
			name = InfoPlist.strings;
			sourceTree = "<group>";
		};
		84F7FB101819033D0038B28C /* Main.storyboard */ = {
			isa = PBXVariantGroup;
			children = (
				84F7FB111819033D0038B28C /* Base */,
			);
			name = Main.storyboard;
			sourceTree = "<group>";
		};
		84F7FB261819033D0038B28C /* InfoPlist.strings */ = {
			isa = PBXVariantGroup;
			children = (
				84F7FB271819033D0038B28C /* en */,
			);
			name = InfoPlist.strings;
			sourceTree = "<group>";
		};
/* End PBXVariantGroup section */

/* Begin XCBuildConfiguration section */
		84F7FB2B1819033D0038B28C /* Debug */ = {
			isa = XCBuildConfiguration;
			buildSettings = {
				ALWAYS_SEARCH_USER_PATHS = NO;
				ARCHS = "$(ARCHS_STANDARD_INCLUDING_64_BIT)";
				CLANG_CXX_LANGUAGE_STANDARD = "gnu++0x";
				CLANG_CXX_LIBRARY = "libc++";
				CLANG_ENABLE_MODULES = YES;
				CLANG_ENABLE_OBJC_ARC = YES;
				CLANG_WARN_BOOL_CONVERSION = YES;
				CLANG_WARN_CONSTANT_CONVERSION = YES;
				CLANG_WARN_DIRECT_OBJC_ISA_USAGE = YES_ERROR;
				CLANG_WARN_EMPTY_BODY = YES;
				CLANG_WARN_ENUM_CONVERSION = YES;
				CLANG_WARN_INT_CONVERSION = YES;
				CLANG_WARN_OBJC_ROOT_CLASS = YES_ERROR;
				CLANG_WARN__DUPLICATE_METHOD_MATCH = YES;
				"CODE_SIGN_IDENTITY[sdk=iphoneos*]" = "iPhone Developer";
				COPY_PHASE_STRIP = NO;
				GCC_C_LANGUAGE_STANDARD = gnu99;
				GCC_DYNAMIC_NO_PIC = NO;
				GCC_OPTIMIZATION_LEVEL = 0;
				GCC_PREPROCESSOR_DEFINITIONS = (
					"DEBUG=1",
					"$(inherited)",
				);
				GCC_SYMBOLS_PRIVATE_EXTERN = NO;
				GCC_WARN_64_TO_32_BIT_CONVERSION = YES;
				GCC_WARN_ABOUT_RETURN_TYPE = YES_ERROR;
				GCC_WARN_UNDECLARED_SELECTOR = YES;
				GCC_WARN_UNINITIALIZED_AUTOS = YES;
				GCC_WARN_UNUSED_FUNCTION = YES;
				GCC_WARN_UNUSED_VARIABLE = YES;
				IPHONEOS_DEPLOYMENT_TARGET = 7.0;
				ONLY_ACTIVE_ARCH = YES;
				SDKROOT = iphoneos;
			};
			name = Debug;
		};
		84F7FB2C1819033D0038B28C /* Release */ = {
			isa = XCBuildConfiguration;
			buildSettings = {
				ALWAYS_SEARCH_USER_PATHS = NO;
				ARCHS = "$(ARCHS_STANDARD_INCLUDING_64_BIT)";
				CLANG_CXX_LANGUAGE_STANDARD = "gnu++0x";
				CLANG_CXX_LIBRARY = "libc++";
				CLANG_ENABLE_MODULES = YES;
				CLANG_ENABLE_OBJC_ARC = YES;
				CLANG_WARN_BOOL_CONVERSION = YES;
				CLANG_WARN_CONSTANT_CONVERSION = YES;
				CLANG_WARN_DIRECT_OBJC_ISA_USAGE = YES_ERROR;
				CLANG_WARN_EMPTY_BODY = YES;
				CLANG_WARN_ENUM_CONVERSION = YES;
				CLANG_WARN_INT_CONVERSION = YES;
				CLANG_WARN_OBJC_ROOT_CLASS = YES_ERROR;
				CLANG_WARN__DUPLICATE_METHOD_MATCH = YES;
				"CODE_SIGN_IDENTITY[sdk=iphoneos*]" = "iPhone Developer";
				COPY_PHASE_STRIP = YES;
				ENABLE_NS_ASSERTIONS = NO;
				GCC_C_LANGUAGE_STANDARD = gnu99;
				GCC_WARN_64_TO_32_BIT_CONVERSION = YES;
				GCC_WARN_ABOUT_RETURN_TYPE = YES_ERROR;
				GCC_WARN_UNDECLARED_SELECTOR = YES;
				GCC_WARN_UNINITIALIZED_AUTOS = YES;
				GCC_WARN_UNUSED_FUNCTION = YES;
				GCC_WARN_UNUSED_VARIABLE = YES;
				IPHONEOS_DEPLOYMENT_TARGET = 7.0;
				SDKROOT = iphoneos;
				VALIDATE_PRODUCT = YES;
			};
			name = Release;
		};
		84F7FB2E1819033D0038B28C /* Debug */ = {
			isa = XCBuildConfiguration;
			buildSettings = {
				ASSETCATALOG_COMPILER_APPICON_NAME = AppIcon;
				ASSETCATALOG_COMPILER_LAUNCHIMAGE_NAME = LaunchImage;
				GCC_PRECOMPILE_PREFIX_HEADER = YES;
				GCC_PREFIX_HEADER = "Calculator/Calculator-Prefix.pch";
				INFOPLIST_FILE = "Calculator/Calculator-Info.plist";
				PRODUCT_NAME = "$(TARGET_NAME)";
				WRAPPER_EXTENSION = app;
			};
			name = Debug;
		};
		84F7FB2F1819033D0038B28C /* Release */ = {
			isa = XCBuildConfiguration;
			buildSettings = {
				ASSETCATALOG_COMPILER_APPICON_NAME = AppIcon;
				ASSETCATALOG_COMPILER_LAUNCHIMAGE_NAME = LaunchImage;
				GCC_PRECOMPILE_PREFIX_HEADER = YES;
				GCC_PREFIX_HEADER = "Calculator/Calculator-Prefix.pch";
				INFOPLIST_FILE = "Calculator/Calculator-Info.plist";
				PRODUCT_NAME = "$(TARGET_NAME)";
				WRAPPER_EXTENSION = app;
			};
			name = Release;
		};
		84F7FB311819033D0038B28C /* Debug */ = {
			isa = XCBuildConfiguration;
			buildSettings = {
				ARCHS = "$(ARCHS_STANDARD_INCLUDING_64_BIT)";
				BUNDLE_LOADER = "$(BUILT_PRODUCTS_DIR)/Calculator.app/Calculator";
				FRAMEWORK_SEARCH_PATHS = (
					"$(SDKROOT)/Developer/Library/Frameworks",
					"$(inherited)",
					"$(DEVELOPER_FRAMEWORKS_DIR)",
				);
				GCC_PRECOMPILE_PREFIX_HEADER = YES;
				GCC_PREFIX_HEADER = "Calculator/Calculator-Prefix.pch";
				GCC_PREPROCESSOR_DEFINITIONS = (
					"DEBUG=1",
					"$(inherited)",
				);
				INFOPLIST_FILE = "CalculatorTests/CalculatorTests-Info.plist";
				PRODUCT_NAME = "$(TARGET_NAME)";
				TEST_HOST = "$(BUNDLE_LOADER)";
				WRAPPER_EXTENSION = xctest;
			};
			name = Debug;
		};
		84F7FB321819033D0038B28C /* Release */ = {
			isa = XCBuildConfiguration;
			buildSettings = {
				ARCHS = "$(ARCHS_STANDARD_INCLUDING_64_BIT)";
				BUNDLE_LOADER = "$(BUILT_PRODUCTS_DIR)/Calculator.app/Calculator";
				FRAMEWORK_SEARCH_PATHS = (
					"$(SDKROOT)/Developer/Library/Frameworks",
					"$(inherited)",
					"$(DEVELOPER_FRAMEWORKS_DIR)",
				);
				GCC_PRECOMPILE_PREFIX_HEADER = YES;
				GCC_PREFIX_HEADER = "Calculator/Calculator-Prefix.pch";
				INFOPLIST_FILE = "CalculatorTests/CalculatorTests-Info.plist";
				PRODUCT_NAME = "$(TARGET_NAME)";
				TEST_HOST = "$(BUNDLE_LOADER)";
				WRAPPER_EXTENSION = xctest;
			};
			name = Release;
		};
/* End XCBuildConfiguration section */

/* Begin XCConfigurationList section */
		84F7FAF61819033C0038B28C /* Build configuration list for PBXProject "Calculator" */ = {
			isa = XCConfigurationList;
			buildConfigurations = (
				84F7FB2B1819033D0038B28C /* Debug */,
				84F7FB2C1819033D0038B28C /* Release */,
			);
			defaultConfigurationIsVisible = 0;
			defaultConfigurationName = Release;
		};
		84F7FB2D1819033D0038B28C /* Build configuration list for PBXNativeTarget "Calculator" */ = {
			isa = XCConfigurationList;
			buildConfigurations = (
				84F7FB2E1819033D0038B28C /* Debug */,
				84F7FB2F1819033D0038B28C /* Release */,
			);
			defaultConfigurationIsVisible = 0;
			defaultConfigurationName = Release;
		};
		84F7FB301819033D0038B28C /* Build configuration list for PBXNativeTarget "CalculatorTests" */ = {
			isa = XCConfigurationList;
			buildConfigurations = (
				84F7FB311819033D0038B28C /* Debug */,
				84F7FB321819033D0038B28C /* Release */,
			);
			defaultConfigurationIsVisible = 0;
			defaultConfigurationName = Release;
		};
/* End XCConfigurationList section */
	};
	rootObject = 84F7FAF31819033C0038B28C /* Project object */;
}
